
Microsoft Visual Studio Solution File, Format Version 12.00
# Visual Studio 15
VisualStudioVersion = 15.0.26228.9
MinimumVisualStudioVersion = 10.0.40219.1
Project("{FAE04EC0-301F-11D3-BF4B-00C04F79EFBC}") = "AspNetCoreStarter01", "AspNetCoreStarter01\AspNetCoreStarter01.csproj", "{9D953D68-B5EB-4F81-8563-1B3B98F63F75}"
EndProject
Global
	GlobalSection(SolutionConfigurationPlatforms) = preSolution
		Debug|Any CPU = Debug|Any CPU
		Release|Any CPU = Release|Any CPU
	EndGlobalSection
	GlobalSection(ProjectConfigurationPlatforms) = postSolution
		{9D953D68-B5EB-4F81-8563-1B3B98F63F75}.Debug|Any CPU.ActiveCfg = Debug|Any CPU
		{9D953D68-B5EB-4F81-8563-1B3B98F63F75}.Debug|Any CPU.Build.0 = Debug|Any CPU
		{9D953D68-B5EB-4F81-8563-1B3B98F63F75}.Release|Any CPU.ActiveCfg = Release|Any CPU
		{9D953D68-B5EB-4F81-8563-1B3B98F63F75}.Release|Any CPU.Build.0 = Release|Any CPU
	EndGlobalSection
	GlobalSection(SolutionProperties) = preSolution
		HideSolutionNode = FALSE
	EndGlobalSection
EndGlobal
